
Microsoft Visual Studio Solution File, Format Version 12.00
# Visual Studio Version 17
VisualStudioVersion = 17.6.33712.159
MinimumVisualStudioVersion = 10.0.40219.1
Project("{FAE04EC0-301F-11D3-BF4B-00C04F79EFBC}") = "ePanchayat.API", "ePanchayat.API\ePanchayat.API.csproj", "{AA0FE744-F65C-44A3-A667-85F08C83B865}"
EndProject
Global
	GlobalSection(SolutionConfigurationPlatforms) = preSolution
		Debug|Any CPU = Debug|Any CPU
		Release|Any CPU = Release|Any CPU
	EndGlobalSection
	GlobalSection(ProjectConfigurationPlatforms) = postSolution
		{AA0FE744-F65C-44A3-A667-85F08C83B865}.Debug|Any CPU.ActiveCfg = Debug|Any CPU
		{AA0FE744-F65C-44A3-A667-85F08C83B865}.Debug|Any CPU.Build.0 = Debug|Any CPU
		{AA0FE744-F65C-44A3-A667-85F08C83B865}.Release|Any CPU.ActiveCfg = Release|Any CPU
		{AA0FE744-F65C-44A3-A667-85F08C83B865}.Release|Any CPU.Build.0 = Release|Any CPU
	EndGlobalSection
	GlobalSection(SolutionProperties) = preSolution
		HideSolutionNode = FALSE
	EndGlobalSection
	GlobalSection(ExtensibilityGlobals) = postSolution
		SolutionGuid = {83958B3E-3888-4DC3-9FCF-750DC349F578}
	EndGlobalSection
EndGlobal
